
Microsoft Visual Studio Solution File, Format Version 12.00
# Visual Studio Version 17
VisualStudioVersion = 17.1.32210.238
MinimumVisualStudioVersion = 10.0.40219.1
Project("{8BC9CEB8-8B4A-11D0-8D11-00A0C91BC942}") = "libfcache", "libfcache\libfcache.vcxproj", "{3D19EAAD-9195-468B-BC5B-D147A89CA4F5}"
EndProject
Project("{8BC9CEB8-8B4A-11D0-8D11-00A0C91BC942}") = "pyvhdi", "pyvhdi\pyvhdi.vcxproj", "{E221DB4C-B254-47CB-993D-DC7FED580DA1}"
EndProject
Project("{8BC9CEB8-8B4A-11D0-8D11-00A0C91BC942}") = "libfguid", "libfguid\libfguid.vcxproj", "{8C13E498-6369-4792-A0CF-B7134C54561B}"
EndProject
Project("{8BC9CEB8-8B4A-11D0-8D11-00A0C91BC942}") = "vhdi_test_block_allocation_table", "vhdi_test_block_allocation_table\vhdi_test_block_allocation_table.vcxproj", "{681024A5-D38B-4A14-886F-FAF20A484A69}"
EndProject
Project("{8BC9CEB8-8B4A-11D0-8D11-00A0C91BC942}") = "vhdi_test_block_descriptor", "vhdi_test_block_descriptor\vhdi_test_block_descriptor.vcxproj", "{22A4EA4E-DCC9-4A8A-B14F-A334E282FF58}"
EndProject
Project("{8BC9CEB8-8B4A-11D0-8D11-00A0C91BC942}") = "vhdi_test_checksum", "vhdi_test_checksum\vhdi_test_checksum.vcxproj", "{11278CEA-924A-4925-A586-FFFB74D1A809}"
EndProject
Project("{8BC9CEB8-8B4A-11D0-8D11-00A0C91BC942}") = "vhdi_test_dynamic_disk_header", "vhdi_test_dynamic_disk_header\vhdi_test_dynamic_disk_header.vcxproj", "{E597E6F8-75E8-40EC-8C3A-A6271E786802}"
EndProject
Project("{8BC9CEB8-8B4A-11D0-8D11-00A0C91BC942}") = "vhdi_test_error", "vhdi_test_error\vhdi_test_error.vcxproj", "{82A9E85B-A4E8-4FB6-BBD0-A6D81CF1398B}"
EndProject
Project("{8BC9CEB8-8B4A-11D0-8D11-00A0C91BC942}") = "vhdi_test_file", "vhdi_test_file\vhdi_test_file.vcxproj", "{AB985B78-01D2-412E-9930-DD63F787EF42}"
EndProject
Project("{8BC9CEB8-8B4A-11D0-8D11-00A0C91BC942}") = "vhdi_test_file_footer", "vhdi_test_file_footer\vhdi_test_file_footer.vcxproj", "{3F7A2500-D5E7-4F5D-A36B-16B0879887E0}"
EndProject
Project("{8BC9CEB8-8B4A-11D0-8D11-00A0C91BC942}") = "vhdi_test_file_information", "vhdi_test_file_information\vhdi_test_file_information.vcxproj", "{ECBA1A58-31C4-4961-84B3-7DDF0071270D}"
EndProject
Project("{8BC9CEB8-8B4A-11D0-8D11-00A0C91BC942}") = "vhdi_test_image_header", "vhdi_test_image_header\vhdi_test_image_header.vcxproj", "{B54FAE6A-52D6-4778-929F-0D08DCE25A46}"
EndProject
Project("{8BC9CEB8-8B4A-11D0-8D11-00A0C91BC942}") = "vhdi_test_io_handle", "vhdi_test_io_handle\vhdi_test_io_handle.vcxproj", "{EDC158F9-537B-4C3E-AC8E-E9CE3192A49C}"
EndProject
Project("{8BC9CEB8-8B4A-11D0-8D11-00A0C91BC942}") = "vhdi_test_metadata_table", "vhdi_test_metadata_table\vhdi_test_metadata_table.vcxproj", "{CCD33800-F037-4C53-B25E-C52FEC8D188B}"
EndProject
Project("{8BC9CEB8-8B4A-11D0-8D11-00A0C91BC942}") = "vhdi_test_metadata_table_entry", "vhdi_test_metadata_table_entry\vhdi_test_metadata_table_entry.vcxproj", "{257A42CB-DC0E-4753-AA12-3E995F908AAC}"
EndProject
Project("{8BC9CEB8-8B4A-11D0-8D11-00A0C91BC942}") = "vhdi_test_metadata_table_header", "vhdi_test_metadata_table_header\vhdi_test_metadata_table_header.vcxproj", "{E275FDB5-83ED-47DF-AB3C-F27AD61BF28E}"
EndProject
Project("{8BC9CEB8-8B4A-11D0-8D11-00A0C91BC942}") = "vhdi_test_metadata_values", "vhdi_test_metadata_values\vhdi_test_metadata_values.vcxproj", "{83205EBD-0D9D-426C-962B-BEE873700286}"
EndProject
Project("{8BC9CEB8-8B4A-11D0-8D11-00A0C91BC942}") = "vhdi_test_notify", "vhdi_test_notify\vhdi_test_notify.vcxproj", "{63657B97-8DDF-4B6B-91C2-9E1AB85F1517}"
EndProject
Project("{8BC9CEB8-8B4A-11D0-8D11-00A0C91BC942}") = "vhdi_test_parent_locator", "vhdi_test_parent_locator\vhdi_test_parent_locator.vcxproj", "{016F4D4F-9252-4ADD-8272-0CA6FE4DE906}"
EndProject
Project("{8BC9CEB8-8B4A-11D0-8D11-00A0C91BC942}") = "vhdi_test_parent_locator_entry", "vhdi_test_parent_locator_entry\vhdi_test_parent_locator_entry.vcxproj", "{113A3EFC-B416-4FEF-8244-7149BE73A836}"
EndProject
Project("{8BC9CEB8-8B4A-11D0-8D11-00A0C91BC942}") = "vhdi_test_parent_locator_header", "vhdi_test_parent_locator_header\vhdi_test_parent_locator_header.vcxproj", "{F3B0D6A8-B4A4-4B6A-877F-5A9FEDBAFD2C}"
EndProject
Project("{8BC9CEB8-8B4A-11D0-8D11-00A0C91BC942}") = "vhdi_test_region_table", "vhdi_test_region_table\vhdi_test_region_table.vcxproj", "{2C4DF9B4-88B6-474D-872A-255E39047E39}"
EndProject
Project("{8BC9CEB8-8B4A-11D0-8D11-00A0C91BC942}") = "vhdi_test_region_table_entry", "vhdi_test_region_table_entry\vhdi_test_region_table_entry.vcxproj", "{B3D1C190-19FE-42DD-BE43-769F1F5C1FB9}"
EndProject
Project("{8BC9CEB8-8B4A-11D0-8D11-00A0C91BC942}") = "vhdi_test_region_table_header", "vhdi_test_region_table_header\vhdi_test_region_table_header.vcxproj", "{79BB4604-58CE-4FF3-BE65-837C0813E37D}"
EndProject
Project("{8BC9CEB8-8B4A-11D0-8D11-00A0C91BC942}") = "vhdi_test_sector_range_descriptor", "vhdi_test_sector_range_descriptor\vhdi_test_sector_range_descriptor.vcxproj", "{D1F98BCC-9749-4F43-9FC6-8575AA2093CF}"
EndProject
Project("{8BC9CEB8-8B4A-11D0-8D11-00A0C91BC942}") = "vhdi_test_support", "vhdi_test_support\vhdi_test_support.vcxproj", "{9DC4A261-1054-4CE0-ADBD-97CFA189509A}"
EndProject
Project("{8BC9CEB8-8B4A-11D0-8D11-00A0C91BC942}") = "vhdi_test_tools_info_handle", "vhdi_test_tools_info_handle\vhdi_test_tools_info_handle.vcxproj", "{33AF10CA-D8B8-474C-B7E1-3AD70C9D0F73}"
EndProject
Project("{8BC9CEB8-8B4A-11D0-8D11-00A0C91BC942}") = "vhdi_test_tools_output", "vhdi_test_tools_output\vhdi_test_tools_output.vcxproj", "{DC4E4C7A-9210-41EB-B1B0-02BCE440A005}"
EndProject
Project("{8BC9CEB8-8B4A-11D0-8D11-00A0C91BC942}") = "vhdi_test_tools_signal", "vhdi_test_tools_signal\vhdi_test_tools_signal.vcxproj", "{DE2F3FE5-DF31-46A6-89AA-A3393C8A6ECE}"
EndProject
Project("{8BC9CEB8-8B4A-11D0-8D11-00A0C91BC942}") = "libclocale", "libclocale\libclocale.vcxproj", "{CEDF8919-00B2-4D8A-88CC-84ADB2D2FF89}"
EndProject
Project("{8BC9CEB8-8B4A-11D0-8D11-00A0C91BC942}") = "libvhdi", "libvhdi\libvhdi.vcxproj", "{0B57B96F-7885-4101-98B7-4E91C9434020}"
EndProject
Project("{8BC9CEB8-8B4A-11D0-8D11-00A0C91BC942}") = "libbfio", "libbfio\libbfio.vcxproj", "{41CFAFBF-A1C8-4704-AFEF-31979E6452B9}"
EndProject
Project("{8BC9CEB8-8B4A-11D0-8D11-00A0C91BC942}") = "libcfile", "libcfile\libcfile.vcxproj", "{4C93BDD3-1804-47F3-9B34-F2DE0CAE1AE0}"
EndProject
Project("{8BC9CEB8-8B4A-11D0-8D11-00A0C91BC942}") = "libcthreads", "libcthreads\libcthreads.vcxproj", "{8AFAA2C6-E025-4B45-B96F-A27D04C6115A}"
EndProject
Project("{8BC9CEB8-8B4A-11D0-8D11-00A0C91BC942}") = "libcpath", "libcpath\libcpath.vcxproj", "{3FFB9C05-1145-45A7-9ADE-5C8D70FBD7CA}"
EndProject
Project("{8BC9CEB8-8B4A-11D0-8D11-00A0C91BC942}") = "libuna", "libuna\libuna.vcxproj", "{BC27FF34-C859-4A1A-95D6-FC89952E1910}"
EndProject
Project("{8BC9CEB8-8B4A-11D0-8D11-00A0C91BC942}") = "libcerror", "libcerror\libcerror.vcxproj", "{BD3A95FA-A3DE-4B79-A889-A7E5ECA4B69C}"
EndProject
Project("{8BC9CEB8-8B4A-11D0-8D11-00A0C91BC942}") = "libcnotify", "libcnotify\libcnotify.vcxproj", "{5304AD69-D449-4589-B2C9-E4607E56A51D}"
EndProject
Project("{8BC9CEB8-8B4A-11D0-8D11-00A0C91BC942}") = "vhdiinfo", "vhdiinfo\vhdiinfo.vcxproj", "{A7545354-5D50-49F6-A3D0-1F97F6228955}"
EndProject
Project("{8BC9CEB8-8B4A-11D0-8D11-00A0C91BC942}") = "vhdimount", "vhdimount\vhdimount.vcxproj", "{91A40238-86E3-44BA-8CFE-8410F4EE492C}"
EndProject
Project("{8BC9CEB8-8B4A-11D0-8D11-00A0C91BC942}") = "libfdata", "libfdata\libfdata.vcxproj", "{F94DCC2D-2B49-453E-89B3-FD81992677D0}"
EndProject
Project("{8BC9CEB8-8B4A-11D0-8D11-00A0C91BC942}") = "libcdata", "libcdata\libcdata.vcxproj", "{B9332DC8-7594-47DF-80C1-38922E0F4DFB}"
EndProject
Project("{8BC9CEB8-8B4A-11D0-8D11-00A0C91BC942}") = "libcsplit", "libcsplit\libcsplit.vcxproj", "{B86FB73A-4ACC-42DE-9545-586D93955B06}"
EndProject
Global
	GlobalSection(SolutionConfigurationPlatforms) = preSolution
		Release|Win32 = Release|Win32
		Release|x64 = Release|x64
		VSDebug|Win32 = VSDebug|Win32
		VSDebug|x64 = VSDebug|x64
	EndGlobalSection
	GlobalSection(ProjectConfigurationPlatforms) = postSolution
		{3D19EAAD-9195-468B-BC5B-D147A89CA4F5}.Release|Win32.ActiveCfg = Release|Win32
		{3D19EAAD-9195-468B-BC5B-D147A89CA4F5}.Release|Win32.Build.0 = Release|Win32
		{3D19EAAD-9195-468B-BC5B-D147A89CA4F5}.Release|x64.ActiveCfg = Release|x64
		{3D19EAAD-9195-468B-BC5B-D147A89CA4F5}.Release|x64.Build.0 = Release|x64
		{3D19EAAD-9195-468B-BC5B-D147A89CA4F5}.VSDebug|Win32.ActiveCfg = VSDebug|Win32
		{3D19EAAD-9195-468B-BC5B-D147A89CA4F5}.VSDebug|Win32.Build.0 = VSDebug|Win32
		{3D19EAAD-9195-468B-BC5B-D147A89CA4F5}.VSDebug|x64.ActiveCfg = VSDebug|x64
		{3D19EAAD-9195-468B-BC5B-D147A89CA4F5}.VSDebug|x64.Build.0 = VSDebug|x64
		{E221DB4C-B254-47CB-993D-DC7FED580DA1}.Release|Win32.ActiveCfg = Release|Win32
		{E221DB4C-B254-47CB-993D-DC7FED580DA1}.Release|Win32.Build.0 = Release|Win32
		{E221DB4C-B254-47CB-993D-DC7FED580DA1}.Release|x64.ActiveCfg = Release|x64
		{E221DB4C-B254-47CB-993D-DC7FED580DA1}.Release|x64.Build.0 = Release|x64
		{E221DB4C-B254-47CB-993D-DC7FED580DA1}.VSDebug|Win32.ActiveCfg = VSDebug|Win32
		{E221DB4C-B254-47CB-993D-DC7FED580DA1}.VSDebug|Win32.Build.0 = VSDebug|Win32
		{E221DB4C-B254-47CB-993D-DC7FED580DA1}.VSDebug|x64.ActiveCfg = VSDebug|x64
		{E221DB4C-B254-47CB-993D-DC7FED580DA1}.VSDebug|x64.Build.0 = VSDebug|x64
		{8C13E498-6369-4792-A0CF-B7134C54561B}.Release|Win32.ActiveCfg = Release|Win32
		{8C13E498-6369-4792-A0CF-B7134C54561B}.Release|Win32.Build.0 = Release|Win32
		{8C13E498-6369-4792-A0CF-B7134C54561B}.Release|x64.ActiveCfg = Release|x64
		{8C13E498-6369-4792-A0CF-B7134C54561B}.Release|x64.Build.0 = Release|x64
		{8C13E498-6369-4792-A0CF-B7134C54561B}.VSDebug|Win32.ActiveCfg = VSDebug|Win32
		{8C13E498-6369-4792-A0CF-B7134C54561B}.VSDebug|Win32.Build.0 = VSDebug|Win32
		{8C13E498-6369-4792-A0CF-B7134C54561B}.VSDebug|x64.ActiveCfg = VSDebug|x64
		{8C13E498-6369-4792-A0CF-B7134C54561B}.VSDebug|x64.Build.0 = VSDebug|x64
		{681024A5-D38B-4A14-886F-FAF20A484A69}.Release|Win32.ActiveCfg = Release|Win32
		{681024A5-D38B-4A14-886F-FAF20A484A69}.Release|Win32.Build.0 = Release|Win32
		{681024A5-D38B-4A14-886F-FAF20A484A69}.Release|x64.ActiveCfg = Release|x64
		{681024A5-D38B-4A14-886F-FAF20A484A69}.Release|x64.Build.0 = Release|x64
		{681024A5-D38B-4A14-886F-FAF20A484A69}.VSDebug|Win32.ActiveCfg = VSDebug|Win32
		{681024A5-D38B-4A14-886F-FAF20A484A69}.VSDebug|Win32.Build.0 = VSDebug|Win32
		{681024A5-D38B-4A14-886F-FAF20A484A69}.VSDebug|x64.ActiveCfg = VSDebug|x64
		{681024A5-D38B-4A14-886F-FAF20A484A69}.VSDebug|x64.Build.0 = VSDebug|x64
		{22A4EA4E-DCC9-4A8A-B14F-A334E282FF58}.Release|Win32.ActiveCfg = Release|Win32
		{22A4EA4E-DCC9-4A8A-B14F-A334E282FF58}.Release|Win32.Build.0 = Release|Win32
		{22A4EA4E-DCC9-4A8A-B14F-A334E282FF58}.Release|x64.ActiveCfg = Release|x64
		{22A4EA4E-DCC9-4A8A-B14F-A334E282FF58}.Release|x64.Build.0 = Release|x64
		{22A4EA4E-DCC9-4A8A-B14F-A334E282FF58}.VSDebug|Win32.ActiveCfg = VSDebug|Win32
		{22A4EA4E-DCC9-4A8A-B14F-A334E282FF58}.VSDebug|Win32.Build.0 = VSDebug|Win32
		{22A4EA4E-DCC9-4A8A-B14F-A334E282FF58}.VSDebug|x64.ActiveCfg = VSDebug|x64
		{22A4EA4E-DCC9-4A8A-B14F-A334E282FF58}.VSDebug|x64.Build.0 = VSDebug|x64
		{11278CEA-924A-4925-A586-FFFB74D1A809}.Release|Win32.ActiveCfg = Release|Win32
		{11278CEA-924A-4925-A586-FFFB74D1A809}.Release|Win32.Build.0 = Release|Win32
		{11278CEA-924A-4925-A586-FFFB74D1A809}.Release|x64.ActiveCfg = Release|x64
		{11278CEA-924A-4925-A586-FFFB74D1A809}.Release|x64.Build.0 = Release|x64
		{11278CEA-924A-4925-A586-FFFB74D1A809}.VSDebug|Win32.ActiveCfg = VSDebug|Win32
		{11278CEA-924A-4925-A586-FFFB74D1A809}.VSDebug|Win32.Build.0 = VSDebug|Win32
		{11278CEA-924A-4925-A586-FFFB74D1A809}.VSDebug|x64.ActiveCfg = VSDebug|x64
		{11278CEA-924A-4925-A586-FFFB74D1A809}.VSDebug|x64.Build.0 = VSDebug|x64
		{E597E6F8-75E8-40EC-8C3A-A6271E786802}.Release|Win32.ActiveCfg = Release|Win32
		{E597E6F8-75E8-40EC-8C3A-A6271E786802}.Release|Win32.Build.0 = Release|Win32
		{E597E6F8-75E8-40EC-8C3A-A6271E786802}.Release|x64.ActiveCfg = Release|x64
		{E597E6F8-75E8-40EC-8C3A-A6271E786802}.Release|x64.Build.0 = Release|x64
		{E597E6F8-75E8-40EC-8C3A-A6271E786802}.VSDebug|Win32.ActiveCfg = VSDebug|Win32
		{E597E6F8-75E8-40EC-8C3A-A6271E786802}.VSDebug|Win32.Build.0 = VSDebug|Win32
		{E597E6F8-75E8-40EC-8C3A-A6271E786802}.VSDebug|x64.ActiveCfg = VSDebug|x64
		{E597E6F8-75E8-40EC-8C3A-A6271E786802}.VSDebug|x64.Build.0 = VSDebug|x64
		{82A9E85B-A4E8-4FB6-BBD0-A6D81CF1398B}.Release|Win32.ActiveCfg = Release|Win32
		{82A9E85B-A4E8-4FB6-BBD0-A6D81CF1398B}.Release|Win32.Build.0 = Release|Win32
		{82A9E85B-A4E8-4FB6-BBD0-A6D81CF1398B}.Release|x64.ActiveCfg = Release|x64
		{82A9E85B-A4E8-4FB6-BBD0-A6D81CF1398B}.Release|x64.Build.0 = Release|x64
		{82A9E85B-A4E8-4FB6-BBD0-A6D81CF1398B}.VSDebug|Win32.ActiveCfg = VSDebug|Win32
		{82A9E85B-A4E8-4FB6-BBD0-A6D81CF1398B}.VSDebug|Win32.Build.0 = VSDebug|Win32
		{82A9E85B-A4E8-4FB6-BBD0-A6D81CF1398B}.VSDebug|x64.ActiveCfg = VSDebug|x64
		{82A9E85B-A4E8-4FB6-BBD0-A6D81CF1398B}.VSDebug|x64.Build.0 = VSDebug|x64
		{AB985B78-01D2-412E-9930-DD63F787EF42}.Release|Win32.ActiveCfg = Release|Win32
		{AB985B78-01D2-412E-9930-DD63F787EF42}.Release|Win32.Build.0 = Release|Win32
		{AB985B78-01D2-412E-9930-DD63F787EF42}.Release|x64.ActiveCfg = Release|x64
		{AB985B78-01D2-412E-9930-DD63F787EF42}.Release|x64.Build.0 = Release|x64
		{AB985B78-01D2-412E-9930-DD63F787EF42}.VSDebug|Win32.ActiveCfg = VSDebug|Win32
		{AB985B78-01D2-412E-9930-DD63F787EF42}.VSDebug|Win32.Build.0 = VSDebug|Win32
		{AB985B78-01D2-412E-9930-DD63F787EF42}.VSDebug|x64.ActiveCfg = VSDebug|x64
		{AB985B78-01D2-412E-9930-DD63F787EF42}.VSDebug|x64.Build.0 = VSDebug|x64
		{3F7A2500-D5E7-4F5D-A36B-16B0879887E0}.Release|Win32.ActiveCfg = Release|Win32
		{3F7A2500-D5E7-4F5D-A36B-16B0879887E0}.Release|Win32.Build.0 = Release|Win32
		{3F7A2500-D5E7-4F5D-A36B-16B0879887E0}.Release|x64.ActiveCfg = Release|x64
		{3F7A2500-D5E7-4F5D-A36B-16B0879887E0}.Release|x64.Build.0 = Release|x64
		{3F7A2500-D5E7-4F5D-A36B-16B0879887E0}.VSDebug|Win32.ActiveCfg = VSDebug|Win32
		{3F7A2500-D5E7-4F5D-A36B-16B0879887E0}.VSDebug|Win32.Build.0 = VSDebug|Win32
		{3F7A2500-D5E7-4F5D-A36B-16B0879887E0}.VSDebug|x64.ActiveCfg = VSDebug|x64
		{3F7A2500-D5E7-4F5D-A36B-16B0879887E0}.VSDebug|x64.Build.0 = VSDebug|x64
		{ECBA1A58-31C4-4961-84B3-7DDF0071270D}.Release|Win32.ActiveCfg = Release|Win32
		{ECBA1A58-31C4-4961-84B3-7DDF0071270D}.Release|Win32.Build.0 = Release|Win32
		{ECBA1A58-31C4-4961-84B3-7DDF0071270D}.Release|x64.ActiveCfg = Release|x64
		{ECBA1A58-31C4-4961-84B3-7DDF0071270D}.Release|x64.Build.0 = Release|x64
		{ECBA1A58-31C4-4961-84B3-7DDF0071270D}.VSDebug|Win32.ActiveCfg = VSDebug|Win32
		{ECBA1A58-31C4-4961-84B3-7DDF0071270D}.VSDebug|Win32.Build.0 = VSDebug|Win32
		{ECBA1A58-31C4-4961-84B3-7DDF0071270D}.VSDebug|x64.ActiveCfg = VSDebug|x64
		{ECBA1A58-31C4-4961-84B3-7DDF0071270D}.VSDebug|x64.Build.0 = VSDebug|x64
		{B54FAE6A-52D6-4778-929F-0D08DCE25A46}.Release|Win32.ActiveCfg = Release|Win32
		{B54FAE6A-52D6-4778-929F-0D08DCE25A46}.Release|Win32.Build.0 = Release|Win32
		{B54FAE6A-52D6-4778-929F-0D08DCE25A46}.Release|x64.ActiveCfg = Release|x64
		{B54FAE6A-52D6-4778-929F-0D08DCE25A46}.Release|x64.Build.0 = Release|x64
		{B54FAE6A-52D6-4778-929F-0D08DCE25A46}.VSDebug|Win32.ActiveCfg = VSDebug|Win32
		{B54FAE6A-52D6-4778-929F-0D08DCE25A46}.VSDebug|Win32.Build.0 = VSDebug|Win32
		{B54FAE6A-52D6-4778-929F-0D08DCE25A46}.VSDebug|x64.ActiveCfg = VSDebug|x64
		{B54FAE6A-52D6-4778-929F-0D08DCE25A46}.VSDebug|x64.Build.0 = VSDebug|x64
		{EDC158F9-537B-4C3E-AC8E-E9CE3192A49C}.Release|Win32.ActiveCfg = Release|Win32
		{EDC158F9-537B-4C3E-AC8E-E9CE3192A49C}.Release|Win32.Build.0 = Release|Win32
		{EDC158F9-537B-4C3E-AC8E-E9CE3192A49C}.Release|x64.ActiveCfg = Release|x64
		{EDC158F9-537B-4C3E-AC8E-E9CE3192A49C}.Release|x64.Build.0 = Release|x64
		{EDC158F9-537B-4C3E-AC8E-E9CE3192A49C}.VSDebug|Win32.ActiveCfg = VSDebug|Win32
		{EDC158F9-537B-4C3E-AC8E-E9CE3192A49C}.VSDebug|Win32.Build.0 = VSDebug|Win32
		{EDC158F9-537B-4C3E-AC8E-E9CE3192A49C}.VSDebug|x64.ActiveCfg = VSDebug|x64
		{EDC158F9-537B-4C3E-AC8E-E9CE3192A49C}.VSDebug|x64.Build.0 = VSDebug|x64
		{CCD33800-F037-4C53-B25E-C52FEC8D188B}.Release|Win32.ActiveCfg = Release|Win32
		{CCD33800-F037-4C53-B25E-C52FEC8D188B}.Release|Win32.Build.0 = Release|Win32
		{CCD33800-F037-4C53-B25E-C52FEC8D188B}.Release|x64.ActiveCfg = Release|x64
		{CCD33800-F037-4C53-B25E-C52FEC8D188B}.Release|x64.Build.0 = Release|x64
		{CCD33800-F037-4C53-B25E-C52FEC8D188B}.VSDebug|Win32.ActiveCfg = VSDebug|Win32
		{CCD33800-F037-4C53-B25E-C52FEC8D188B}.VSDebug|Win32.Build.0 = VSDebug|Win32
		{CCD33800-F037-4C53-B25E-C52FEC8D188B}.VSDebug|x64.ActiveCfg = VSDebug|x64
		{CCD33800-F037-4C53-B25E-C52FEC8D188B}.VSDebug|x64.Build.0 = VSDebug|x64
		{257A42CB-DC0E-4753-AA12-3E995F908AAC}.Release|Win32.ActiveCfg = Release|Win32
		{257A42CB-DC0E-4753-AA12-3E995F908AAC}.Release|Win32.Build.0 = Release|Win32
		{257A42CB-DC0E-4753-AA12-3E995F908AAC}.Release|x64.ActiveCfg = Release|x64
		{257A42CB-DC0E-4753-AA12-3E995F908AAC}.Release|x64.Build.0 = Release|x64
		{257A42CB-DC0E-4753-AA12-3E995F908AAC}.VSDebug|Win32.ActiveCfg = VSDebug|Win32
		{257A42CB-DC0E-4753-AA12-3E995F908AAC}.VSDebug|Win32.Build.0 = VSDebug|Win32
		{257A42CB-DC0E-4753-AA12-3E995F908AAC}.VSDebug|x64.ActiveCfg = VSDebug|x64
		{257A42CB-DC0E-4753-AA12-3E995F908AAC}.VSDebug|x64.Build.0 = VSDebug|x64
		{E275FDB5-83ED-47DF-AB3C-F27AD61BF28E}.Release|Win32.ActiveCfg = Release|Win32
		{E275FDB5-83ED-47DF-AB3C-F27AD61BF28E}.Release|Win32.Build.0 = Release|Win32
		{E275FDB5-83ED-47DF-AB3C-F27AD61BF28E}.Release|x64.ActiveCfg = Release|x64
		{E275FDB5-83ED-47DF-AB3C-F27AD61BF28E}.Release|x64.Build.0 = Release|x64
		{E275FDB5-83ED-47DF-AB3C-F27AD61BF28E}.VSDebug|Win32.ActiveCfg = VSDebug|Win32
		{E275FDB5-83ED-47DF-AB3C-F27AD61BF28E}.VSDebug|Win32.Build.0 = VSDebug|Win32
		{E275FDB5-83ED-47DF-AB3C-F27AD61BF28E}.VSDebug|x64.ActiveCfg = VSDebug|x64
		{E275FDB5-83ED-47DF-AB3C-F27AD61BF28E}.VSDebug|x64.Build.0 = VSDebug|x64
		{83205EBD-0D9D-426C-962B-BEE873700286}.Release|Win32.ActiveCfg = Release|Win32
		{83205EBD-0D9D-426C-962B-BEE873700286}.Release|Win32.Build.0 = Release|Win32
		{83205EBD-0D9D-426C-962B-BEE873700286}.Release|x64.ActiveCfg = Release|x64
		{83205EBD-0D9D-426C-962B-BEE873700286}.Release|x64.Build.0 = Release|x64
		{83205EBD-0D9D-426C-962B-BEE873700286}.VSDebug|Win32.ActiveCfg = VSDebug|Win32
		{83205EBD-0D9D-426C-962B-BEE873700286}.VSDebug|Win32.Build.0 = VSDebug|Win32
		{83205EBD-0D9D-426C-962B-BEE873700286}.VSDebug|x64.ActiveCfg = VSDebug|x64
		{83205EBD-0D9D-426C-962B-BEE873700286}.VSDebug|x64.Build.0 = VSDebug|x64
		{63657B97-8DDF-4B6B-91C2-9E1AB85F1517}.Release|Win32.ActiveCfg = Release|Win32
		{63657B97-8DDF-4B6B-91C2-9E1AB85F1517}.Release|Win32.Build.0 = Release|Win32
		{63657B97-8DDF-4B6B-91C2-9E1AB85F1517}.Release|x64.ActiveCfg = Release|x64
		{63657B97-8DDF-4B6B-91C2-9E1AB85F1517}.Release|x64.Build.0 = Release|x64
		{63657B97-8DDF-4B6B-91C2-9E1AB85F1517}.VSDebug|Win32.ActiveCfg = VSDebug|Win32
		{63657B97-8DDF-4B6B-91C2-9E1AB85F1517}.VSDebug|Win32.Build.0 = VSDebug|Win32
		{63657B97-8DDF-4B6B-91C2-9E1AB85F1517}.VSDebug|x64.ActiveCfg = VSDebug|x64
		{63657B97-8DDF-4B6B-91C2-9E1AB85F1517}.VSDebug|x64.Build.0 = VSDebug|x64
		{016F4D4F-9252-4ADD-8272-0CA6FE4DE906}.Release|Win32.ActiveCfg = Release|Win32
		{016F4D4F-9252-4ADD-8272-0CA6FE4DE906}.Release|Win32.Build.0 = Release|Win32
		{016F4D4F-9252-4ADD-8272-0CA6FE4DE906}.Release|x64.ActiveCfg = Release|x64
		{016F4D4F-9252-4ADD-8272-0CA6FE4DE906}.Release|x64.Build.0 = Release|x64
		{016F4D4F-9252-4ADD-8272-0CA6FE4DE906}.VSDebug|Win32.ActiveCfg = VSDebug|Win32
		{016F4D4F-9252-4ADD-8272-0CA6FE4DE906}.VSDebug|Win32.Build.0 = VSDebug|Win32
		{016F4D4F-9252-4ADD-8272-0CA6FE4DE906}.VSDebug|x64.ActiveCfg = VSDebug|x64
		{016F4D4F-9252-4ADD-8272-0CA6FE4DE906}.VSDebug|x64.Build.0 = VSDebug|x64
		{113A3EFC-B416-4FEF-8244-7149BE73A836}.Release|Win32.ActiveCfg = Release|Win32
		{113A3EFC-B416-4FEF-8244-7149BE73A836}.Release|Win32.Build.0 = Release|Win32
		{113A3EFC-B416-4FEF-8244-7149BE73A836}.Release|x64.ActiveCfg = Release|x64
		{113A3EFC-B416-4FEF-8244-7149BE73A836}.Release|x64.Build.0 = Release|x64
		{113A3EFC-B416-4FEF-8244-7149BE73A836}.VSDebug|Win32.ActiveCfg = VSDebug|Win32
		{113A3EFC-B416-4FEF-8244-7149BE73A836}.VSDebug|Win32.Build.0 = VSDebug|Win32
		{113A3EFC-B416-4FEF-8244-7149BE73A836}.VSDebug|x64.ActiveCfg = VSDebug|x64
		{113A3EFC-B416-4FEF-8244-7149BE73A836}.VSDebug|x64.Build.0 = VSDebug|x64
		{F3B0D6A8-B4A4-4B6A-877F-5A9FEDBAFD2C}.Release|Win32.ActiveCfg = Release|Win32
		{F3B0D6A8-B4A4-4B6A-877F-5A9FEDBAFD2C}.Release|Win32.Build.0 = Release|Win32
		{F3B0D6A8-B4A4-4B6A-877F-5A9FEDBAFD2C}.Release|x64.ActiveCfg = Release|x64
		{F3B0D6A8-B4A4-4B6A-877F-5A9FEDBAFD2C}.Release|x64.Build.0 = Release|x64
		{F3B0D6A8-B4A4-4B6A-877F-5A9FEDBAFD2C}.VSDebug|Win32.ActiveCfg = VSDebug|Win32
		{F3B0D6A8-B4A4-4B6A-877F-5A9FEDBAFD2C}.VSDebug|Win32.Build.0 = VSDebug|Win32
		{F3B0D6A8-B4A4-4B6A-877F-5A9FEDBAFD2C}.VSDebug|x64.ActiveCfg = VSDebug|x64
		{F3B0D6A8-B4A4-4B6A-877F-5A9FEDBAFD2C}.VSDebug|x64.Build.0 = VSDebug|x64
		{2C4DF9B4-88B6-474D-872A-255E39047E39}.Release|Win32.ActiveCfg = Release|Win32
		{2C4DF9B4-88B6-474D-872A-255E39047E39}.Release|Win32.Build.0 = Release|Win32
		{2C4DF9B4-88B6-474D-872A-255E39047E39}.Release|x64.ActiveCfg = Release|x64
		{2C4DF9B4-88B6-474D-872A-255E39047E39}.Release|x64.Build.0 = Release|x64
		{2C4DF9B4-88B6-474D-872A-255E39047E39}.VSDebug|Win32.ActiveCfg = VSDebug|Win32
		{2C4DF9B4-88B6-474D-872A-255E39047E39}.VSDebug|Win32.Build.0 = VSDebug|Win32
		{2C4DF9B4-88B6-474D-872A-255E39047E39}.VSDebug|x64.ActiveCfg = VSDebug|x64
		{2C4DF9B4-88B6-474D-872A-255E39047E39}.VSDebug|x64.Build.0 = VSDebug|x64
		{B3D1C190-19FE-42DD-BE43-769F1F5C1FB9}.Release|Win32.ActiveCfg = Release|Win32
		{B3D1C190-19FE-42DD-BE43-769F1F5C1FB9}.Release|Win32.Build.0 = Release|Win32
		{B3D1C190-19FE-42DD-BE43-769F1F5C1FB9}.Release|x64.ActiveCfg = Release|x64
		{B3D1C190-19FE-42DD-BE43-769F1F5C1FB9}.Release|x64.Build.0 = Release|x64
		{B3D1C190-19FE-42DD-BE43-769F1F5C1FB9}.VSDebug|Win32.ActiveCfg = VSDebug|Win32
		{B3D1C190-19FE-42DD-BE43-769F1F5C1FB9}.VSDebug|Win32.Build.0 = VSDebug|Win32
		{B3D1C190-19FE-42DD-BE43-769F1F5C1FB9}.VSDebug|x64.ActiveCfg = VSDebug|x64
		{B3D1C190-19FE-42DD-BE43-769F1F5C1FB9}.VSDebug|x64.Build.0 = VSDebug|x64
		{79BB4604-58CE-4FF3-BE65-837C0813E37D}.Release|Win32.ActiveCfg = Release|Win32
		{79BB4604-58CE-4FF3-BE65-837C0813E37D}.Release|Win32.Build.0 = Release|Win32
		{79BB4604-58CE-4FF3-BE65-837C0813E37D}.Release|x64.ActiveCfg = Release|x64
		{79BB4604-58CE-4FF3-BE65-837C0813E37D}.Release|x64.Build.0 = Release|x64
		{79BB4604-58CE-4FF3-BE65-837C0813E37D}.VSDebug|Win32.ActiveCfg = VSDebug|Win32
		{79BB4604-58CE-4FF3-BE65-837C0813E37D}.VSDebug|Win32.Build.0 = VSDebug|Win32
		{79BB4604-58CE-4FF3-BE65-837C0813E37D}.VSDebug|x64.ActiveCfg = VSDebug|x64
		{79BB4604-58CE-4FF3-BE65-837C0813E37D}.VSDebug|x64.Build.0 = VSDebug|x64
		{D1F98BCC-9749-4F43-9FC6-8575AA2093CF}.Release|Win32.ActiveCfg = Release|Win32
		{D1F98BCC-9749-4F43-9FC6-8575AA2093CF}.Release|Win32.Build.0 = Release|Win32
		{D1F98BCC-9749-4F43-9FC6-8575AA2093CF}.Release|x64.ActiveCfg = Release|x64
		{D1F98BCC-9749-4F43-9FC6-8575AA2093CF}.Release|x64.Build.0 = Release|x64
		{D1F98BCC-9749-4F43-9FC6-8575AA2093CF}.VSDebug|Win32.ActiveCfg = VSDebug|Win32
		{D1F98BCC-9749-4F43-9FC6-8575AA2093CF}.VSDebug|Win32.Build.0 = VSDebug|Win32
		{D1F98BCC-9749-4F43-9FC6-8575AA2093CF}.VSDebug|x64.ActiveCfg = VSDebug|x64
		{D1F98BCC-9749-4F43-9FC6-8575AA2093CF}.VSDebug|x64.Build.0 = VSDebug|x64
		{9DC4A261-1054-4CE0-ADBD-97CFA189509A}.Release|Win32.ActiveCfg = Release|Win32
		{9DC4A261-1054-4CE0-ADBD-97CFA189509A}.Release|Win32.Build.0 = Release|Win32
		{9DC4A261-1054-4CE0-ADBD-97CFA189509A}.Release|x64.ActiveCfg = Release|x64
		{9DC4A261-1054-4CE0-ADBD-97CFA189509A}.Release|x64.Build.0 = Release|x64
		{9DC4A261-1054-4CE0-ADBD-97CFA189509A}.VSDebug|Win32.ActiveCfg = VSDebug|Win32
		{9DC4A261-1054-4CE0-ADBD-97CFA189509A}.VSDebug|Win32.Build.0 = VSDebug|Win32
		{9DC4A261-1054-4CE0-ADBD-97CFA189509A}.VSDebug|x64.ActiveCfg = VSDebug|x64
		{9DC4A261-1054-4CE0-ADBD-97CFA189509A}.VSDebug|x64.Build.0 = VSDebug|x64
		{33AF10CA-D8B8-474C-B7E1-3AD70C9D0F73}.Release|Win32.ActiveCfg = Release|Win32
		{33AF10CA-D8B8-474C-B7E1-3AD70C9D0F73}.Release|Win32.Build.0 = Release|Win32
		{33AF10CA-D8B8-474C-B7E1-3AD70C9D0F73}.Release|x64.ActiveCfg = Release|x64
		{33AF10CA-D8B8-474C-B7E1-3AD70C9D0F73}.Release|x64.Build.0 = Release|x64
		{33AF10CA-D8B8-474C-B7E1-3AD70C9D0F73}.VSDebug|Win32.ActiveCfg = VSDebug|Win32
		{33AF10CA-D8B8-474C-B7E1-3AD70C9D0F73}.VSDebug|Win32.Build.0 = VSDebug|Win32
		{33AF10CA-D8B8-474C-B7E1-3AD70C9D0F73}.VSDebug|x64.ActiveCfg = VSDebug|x64
		{33AF10CA-D8B8-474C-B7E1-3AD70C9D0F73}.VSDebug|x64.Build.0 = VSDebug|x64
		{DC4E4C7A-9210-41EB-B1B0-02BCE440A005}.Release|Win32.ActiveCfg = Release|Win32
		{DC4E4C7A-9210-41EB-B1B0-02BCE440A005}.Release|Win32.Build.0 = Release|Win32
		{DC4E4C7A-9210-41EB-B1B0-02BCE440A005}.Release|x64.ActiveCfg = Release|x64
		{DC4E4C7A-9210-41EB-B1B0-02BCE440A005}.Release|x64.Build.0 = Release|x64
		{DC4E4C7A-9210-41EB-B1B0-02BCE440A005}.VSDebug|Win32.ActiveCfg = VSDebug|Win32
		{DC4E4C7A-9210-41EB-B1B0-02BCE440A005}.VSDebug|Win32.Build.0 = VSDebug|Win32
		{DC4E4C7A-9210-41EB-B1B0-02BCE440A005}.VSDebug|x64.ActiveCfg = VSDebug|x64
		{DC4E4C7A-9210-41EB-B1B0-02BCE440A005}.VSDebug|x64.Build.0 = VSDebug|x64
		{DE2F3FE5-DF31-46A6-89AA-A3393C8A6ECE}.Release|Win32.ActiveCfg = Release|Win32
		{DE2F3FE5-DF31-46A6-89AA-A3393C8A6ECE}.Release|Win32.Build.0 = Release|Win32
		{DE2F3FE5-DF31-46A6-89AA-A3393C8A6ECE}.Release|x64.ActiveCfg = Release|x64
		{DE2F3FE5-DF31-46A6-89AA-A3393C8A6ECE}.Release|x64.Build.0 = Release|x64
		{DE2F3FE5-DF31-46A6-89AA-A3393C8A6ECE}.VSDebug|Win32.ActiveCfg = VSDebug|Win32
		{DE2F3FE5-DF31-46A6-89AA-A3393C8A6ECE}.VSDebug|Win32.Build.0 = VSDebug|Win32
		{DE2F3FE5-DF31-46A6-89AA-A3393C8A6ECE}.VSDebug|x64.ActiveCfg = VSDebug|x64
		{DE2F3FE5-DF31-46A6-89AA-A3393C8A6ECE}.VSDebug|x64.Build.0 = VSDebug|x64
		{CEDF8919-00B2-4D8A-88CC-84ADB2D2FF89}.Release|Win32.ActiveCfg = Release|Win32
		{CEDF8919-00B2-4D8A-88CC-84ADB2D2FF89}.Release|Win32.Build.0 = Release|Win32
		{CEDF8919-00B2-4D8A-88CC-84ADB2D2FF89}.Release|x64.ActiveCfg = Release|x64
		{CEDF8919-00B2-4D8A-88CC-84ADB2D2FF89}.Release|x64.Build.0 = Release|x64
		{CEDF8919-00B2-4D8A-88CC-84ADB2D2FF89}.VSDebug|Win32.ActiveCfg = VSDebug|Win32
		{CEDF8919-00B2-4D8A-88CC-84ADB2D2FF89}.VSDebug|Win32.Build.0 = VSDebug|Win32
		{CEDF8919-00B2-4D8A-88CC-84ADB2D2FF89}.VSDebug|x64.ActiveCfg = VSDebug|x64
		{CEDF8919-00B2-4D8A-88CC-84ADB2D2FF89}.VSDebug|x64.Build.0 = VSDebug|x64
		{0B57B96F-7885-4101-98B7-4E91C9434020}.Release|Win32.ActiveCfg = Release|Win32
		{0B57B96F-7885-4101-98B7-4E91C9434020}.Release|Win32.Build.0 = Release|Win32
		{0B57B96F-7885-4101-98B7-4E91C9434020}.Release|x64.ActiveCfg = Release|x64
		{0B57B96F-7885-4101-98B7-4E91C9434020}.Release|x64.Build.0 = Release|x64
		{0B57B96F-7885-4101-98B7-4E91C9434020}.VSDebug|Win32.ActiveCfg = VSDebug|Win32
		{0B57B96F-7885-4101-98B7-4E91C9434020}.VSDebug|Win32.Build.0 = VSDebug|Win32
		{0B57B96F-7885-4101-98B7-4E91C9434020}.VSDebug|x64.ActiveCfg = VSDebug|x64
		{0B57B96F-7885-4101-98B7-4E91C9434020}.VSDebug|x64.Build.0 = VSDebug|x64
		{41CFAFBF-A1C8-4704-AFEF-31979E6452B9}.Release|Win32.ActiveCfg = Release|Win32
		{41CFAFBF-A1C8-4704-AFEF-31979E6452B9}.Release|Win32.Build.0 = Release|Win32
		{41CFAFBF-A1C8-4704-AFEF-31979E6452B9}.Release|x64.ActiveCfg = Release|x64
		{41CFAFBF-A1C8-4704-AFEF-31979E6452B9}.Release|x64.Build.0 = Release|x64
		{41CFAFBF-A1C8-4704-AFEF-31979E6452B9}.VSDebug|Win32.ActiveCfg = VSDebug|Win32
		{41CFAFBF-A1C8-4704-AFEF-31979E6452B9}.VSDebug|Win32.Build.0 = VSDebug|Win32
		{41CFAFBF-A1C8-4704-AFEF-31979E6452B9}.VSDebug|x64.ActiveCfg = VSDebug|x64
		{41CFAFBF-A1C8-4704-AFEF-31979E6452B9}.VSDebug|x64.Build.0 = VSDebug|x64
		{4C93BDD3-1804-47F3-9B34-F2DE0CAE1AE0}.Release|Win32.ActiveCfg = Release|Win32
		{4C93BDD3-1804-47F3-9B34-F2DE0CAE1AE0}.Release|Win32.Build.0 = Release|Win32
		{4C93BDD3-1804-47F3-9B34-F2DE0CAE1AE0}.Release|x64.ActiveCfg = Release|x64
		{4C93BDD3-1804-47F3-9B34-F2DE0CAE1AE0}.Release|x64.Build.0 = Release|x64
		{4C93BDD3-1804-47F3-9B34-F2DE0CAE1AE0}.VSDebug|Win32.ActiveCfg = VSDebug|Win32
		{4C93BDD3-1804-47F3-9B34-F2DE0CAE1AE0}.VSDebug|Win32.Build.0 = VSDebug|Win32
		{4C93BDD3-1804-47F3-9B34-F2DE0CAE1AE0}.VSDebug|x64.ActiveCfg = VSDebug|x64
		{4C93BDD3-1804-47F3-9B34-F2DE0CAE1AE0}.VSDebug|x64.Build.0 = VSDebug|x64
		{8AFAA2C6-E025-4B45-B96F-A27D04C6115A}.Release|Win32.ActiveCfg = Release|Win32
		{8AFAA2C6-E025-4B45-B96F-A27D04C6115A}.Release|Win32.Build.0 = Release|Win32
		{8AFAA2C6-E025-4B45-B96F-A27D04C6115A}.Release|x64.ActiveCfg = Release|x64
		{8AFAA2C6-E025-4B45-B96F-A27D04C6115A}.Release|x64.Build.0 = Release|x64
		{8AFAA2C6-E025-4B45-B96F-A27D04C6115A}.VSDebug|Win32.ActiveCfg = VSDebug|Win32
		{8AFAA2C6-E025-4B45-B96F-A27D04C6115A}.VSDebug|Win32.Build.0 = VSDebug|Win32
		{8AFAA2C6-E025-4B45-B96F-A27D04C6115A}.VSDebug|x64.ActiveCfg = VSDebug|x64
		{8AFAA2C6-E025-4B45-B96F-A27D04C6115A}.VSDebug|x64.Build.0 = VSDebug|x64
		{3FFB9C05-1145-45A7-9ADE-5C8D70FBD7CA}.Release|Win32.ActiveCfg = Release|Win32
		{3FFB9C05-1145-45A7-9ADE-5C8D70FBD7CA}.Release|Win32.Build.0 = Release|Win32
		{3FFB9C05-1145-45A7-9ADE-5C8D70FBD7CA}.Release|x64.ActiveCfg = Release|x64
		{3FFB9C05-1145-45A7-9ADE-5C8D70FBD7CA}.Release|x64.Build.0 = Release|x64
		{3FFB9C05-1145-45A7-9ADE-5C8D70FBD7CA}.VSDebug|Win32.ActiveCfg = VSDebug|Win32
		{3FFB9C05-1145-45A7-9ADE-5C8D70FBD7CA}.VSDebug|Win32.Build.0 = VSDebug|Win32
		{3FFB9C05-1145-45A7-9ADE-5C8D70FBD7CA}.VSDebug|x64.ActiveCfg = VSDebug|x64
		{3FFB9C05-1145-45A7-9ADE-5C8D70FBD7CA}.VSDebug|x64.Build.0 = VSDebug|x64
		{BC27FF34-C859-4A1A-95D6-FC89952E1910}.Release|Win32.ActiveCfg = Release|Win32
		{BC27FF34-C859-4A1A-95D6-FC89952E1910}.Release|Win32.Build.0 = Release|Win32
		{BC27FF34-C859-4A1A-95D6-FC89952E1910}.Release|x64.ActiveCfg = Release|x64
		{BC27FF34-C859-4A1A-95D6-FC89952E1910}.Release|x64.Build.0 = Release|x64
		{BC27FF34-C859-4A1A-95D6-FC89952E1910}.VSDebug|Win32.ActiveCfg = VSDebug|Win32
		{BC27FF34-C859-4A1A-95D6-FC89952E1910}.VSDebug|Win32.Build.0 = VSDebug|Win32
		{BC27FF34-C859-4A1A-95D6-FC89952E1910}.VSDebug|x64.ActiveCfg = VSDebug|x64
		{BC27FF34-C859-4A1A-95D6-FC89952E1910}.VSDebug|x64.Build.0 = VSDebug|x64
		{BD3A95FA-A3DE-4B79-A889-A7E5ECA4B69C}.Release|Win32.ActiveCfg = Release|Win32
		{BD3A95FA-A3DE-4B79-A889-A7E5ECA4B69C}.Release|Win32.Build.0 = Release|Win32
		{BD3A95FA-A3DE-4B79-A889-A7E5ECA4B69C}.Release|x64.ActiveCfg = Release|x64
		{BD3A95FA-A3DE-4B79-A889-A7E5ECA4B69C}.Release|x64.Build.0 = Release|x64
		{BD3A95FA-A3DE-4B79-A889-A7E5ECA4B69C}.VSDebug|Win32.ActiveCfg = VSDebug|Win32
		{BD3A95FA-A3DE-4B79-A889-A7E5ECA4B69C}.VSDebug|Win32.Build.0 = VSDebug|Win32
		{BD3A95FA-A3DE-4B79-A889-A7E5ECA4B69C}.VSDebug|x64.ActiveCfg = VSDebug|x64
		{BD3A95FA-A3DE-4B79-A889-A7E5ECA4B69C}.VSDebug|x64.Build.0 = VSDebug|x64
		{5304AD69-D449-4589-B2C9-E4607E56A51D}.Release|Win32.ActiveCfg = Release|Win32
		{5304AD69-D449-4589-B2C9-E4607E56A51D}.Release|Win32.Build.0 = Release|Win32
		{5304AD69-D449-4589-B2C9-E4607E56A51D}.Release|x64.ActiveCfg = Release|x64
		{5304AD69-D449-4589-B2C9-E4607E56A51D}.Release|x64.Build.0 = Release|x64
		{5304AD69-D449-4589-B2C9-E4607E56A51D}.VSDebug|Win32.ActiveCfg = VSDebug|Win32
		{5304AD69-D449-4589-B2C9-E4607E56A51D}.VSDebug|Win32.Build.0 = VSDebug|Win32
		{5304AD69-D449-4589-B2C9-E4607E56A51D}.VSDebug|x64.ActiveCfg = VSDebug|x64
		{5304AD69-D449-4589-B2C9-E4607E56A51D}.VSDebug|x64.Build.0 = VSDebug|x64
		{A7545354-5D50-49F6-A3D0-1F97F6228955}.Release|Win32.ActiveCfg = Release|Win32
		{A7545354-5D50-49F6-A3D0-1F97F6228955}.Release|Win32.Build.0 = Release|Win32
		{A7545354-5D50-49F6-A3D0-1F97F6228955}.Release|x64.ActiveCfg = Release|x64
		{A7545354-5D50-49F6-A3D0-1F97F6228955}.Release|x64.Build.0 = Release|x64
		{A7545354-5D50-49F6-A3D0-1F97F6228955}.VSDebug|Win32.ActiveCfg = VSDebug|Win32
		{A7545354-5D50-49F6-A3D0-1F97F6228955}.VSDebug|Win32.Build.0 = VSDebug|Win32
		{A7545354-5D50-49F6-A3D0-1F97F6228955}.VSDebug|x64.ActiveCfg = VSDebug|x64
		{A7545354-5D50-49F6-A3D0-1F97F6228955}.VSDebug|x64.Build.0 = VSDebug|x64
		{91A40238-86E3-44BA-8CFE-8410F4EE492C}.Release|Win32.ActiveCfg = Release|Win32
		{91A40238-86E3-44BA-8CFE-8410F4EE492C}.Release|Win32.Build.0 = Release|Win32
		{91A40238-86E3-44BA-8CFE-8410F4EE492C}.Release|x64.ActiveCfg = Release|x64
		{91A40238-86E3-44BA-8CFE-8410F4EE492C}.Release|x64.Build.0 = Release|x64
		{91A40238-86E3-44BA-8CFE-8410F4EE492C}.VSDebug|Win32.ActiveCfg = VSDebug|Win32
		{91A40238-86E3-44BA-8CFE-8410F4EE492C}.VSDebug|Win32.Build.0 = VSDebug|Win32
		{91A40238-86E3-44BA-8CFE-8410F4EE492C}.VSDebug|x64.ActiveCfg = VSDebug|x64
		{91A40238-86E3-44BA-8CFE-8410F4EE492C}.VSDebug|x64.Build.0 = VSDebug|x64
		{F94DCC2D-2B49-453E-89B3-FD81992677D0}.Release|Win32.ActiveCfg = Release|Win32
		{F94DCC2D-2B49-453E-89B3-FD81992677D0}.Release|Win32.Build.0 = Release|Win32
		{F94DCC2D-2B49-453E-89B3-FD81992677D0}.Release|x64.ActiveCfg = Release|x64
		{F94DCC2D-2B49-453E-89B3-FD81992677D0}.Release|x64.Build.0 = Release|x64
		{F94DCC2D-2B49-453E-89B3-FD81992677D0}.VSDebug|Win32.ActiveCfg = VSDebug|Win32
		{F94DCC2D-2B49-453E-89B3-FD81992677D0}.VSDebug|Win32.Build.0 = VSDebug|Win32
		{F94DCC2D-2B49-453E-89B3-FD81992677D0}.VSDebug|x64.ActiveCfg = VSDebug|x64
		{F94DCC2D-2B49-453E-89B3-FD81992677D0}.VSDebug|x64.Build.0 = VSDebug|x64
		{B9332DC8-7594-47DF-80C1-38922E0F4DFB}.Release|Win32.ActiveCfg = Release|Win32
		{B9332DC8-7594-47DF-80C1-38922E0F4DFB}.Release|Win32.Build.0 = Release|Win32
		{B9332DC8-7594-47DF-80C1-38922E0F4DFB}.Release|x64.ActiveCfg = Release|x64
		{B9332DC8-7594-47DF-80C1-38922E0F4DFB}.Release|x64.Build.0 = Release|x64
		{B9332DC8-7594-47DF-80C1-38922E0F4DFB}.VSDebug|Win32.ActiveCfg = VSDebug|Win32
		{B9332DC8-7594-47DF-80C1-38922E0F4DFB}.VSDebug|Win32.Build.0 = VSDebug|Win32
		{B9332DC8-7594-47DF-80C1-38922E0F4DFB}.VSDebug|x64.ActiveCfg = VSDebug|x64
		{B9332DC8-7594-47DF-80C1-38922E0F4DFB}.VSDebug|x64.Build.0 = VSDebug|x64
		{B86FB73A-4ACC-42DE-9545-586D93955B06}.Release|Win32.ActiveCfg = Release|Win32
		{B86FB73A-4ACC-42DE-9545-586D93955B06}.Release|Win32.Build.0 = Release|Win32
		{B86FB73A-4ACC-42DE-9545-586D93955B06}.Release|x64.ActiveCfg = Release|x64
		{B86FB73A-4ACC-42DE-9545-586D93955B06}.Release|x64.Build.0 = Release|x64
		{B86FB73A-4ACC-42DE-9545-586D93955B06}.VSDebug|Win32.ActiveCfg = VSDebug|Win32
		{B86FB73A-4ACC-42DE-9545-586D93955B06}.VSDebug|Win32.Build.0 = VSDebug|Win32
		{B86FB73A-4ACC-42DE-9545-586D93955B06}.VSDebug|x64.ActiveCfg = VSDebug|x64
		{B86FB73A-4ACC-42DE-9545-586D93955B06}.VSDebug|x64.Build.0 = VSDebug|x64
	EndGlobalSection
	GlobalSection(SolutionProperties) = preSolution
		HideSolutionNode = FALSE
	EndGlobalSection
	GlobalSection(ExtensibilityGlobals) = postSolution
		SolutionGuid = {6B0E5218-0AD7-44E8-A332-FA0E05001F57}
	EndGlobalSection
EndGlobal
